
Microsoft Visual Studio Solution File, Format Version 12.00
# Visual Studio 15
VisualStudioVersion = 15.0.27004.2008
MinimumVisualStudioVersion = 10.0.40219.1
Project("{9A19103F-16F7-4668-BE54-9A1E7A4F7556}") = "IdentityUserRoleExample", "IdentityUserRoleExample\IdentityUserRoleExample.csproj", "{66ED5EC9-F69C-446D-9CE3-8EF4F5FEA9C7}"
EndProject
Global
	GlobalSection(SolutionConfigurationPlatforms) = preSolution
		Debug|Any CPU = Debug|Any CPU
		Release|Any CPU = Release|Any CPU
	EndGlobalSection
	GlobalSection(ProjectConfigurationPlatforms) = postSolution
		{66ED5EC9-F69C-446D-9CE3-8EF4F5FEA9C7}.Debug|Any CPU.ActiveCfg = Debug|Any CPU
		{66ED5EC9-F69C-446D-9CE3-8EF4F5FEA9C7}.Debug|Any CPU.Build.0 = Debug|Any CPU
		{66ED5EC9-F69C-446D-9CE3-8EF4F5FEA9C7}.Release|Any CPU.ActiveCfg = Release|Any CPU
		{66ED5EC9-F69C-446D-9CE3-8EF4F5FEA9C7}.Release|Any CPU.Build.0 = Release|Any CPU
	EndGlobalSection
	GlobalSection(SolutionProperties) = preSolution
		HideSolutionNode = FALSE
	EndGlobalSection
	GlobalSection(ExtensibilityGlobals) = postSolution
		SolutionGuid = {2B7BA57F-0534-4ACE-A603-884843C7E4E9}
	EndGlobalSection
EndGlobal
